
Microsoft Visual Studio Solution File, Format Version 12.00
# Visual Studio Version 17
VisualStudioVersion = 17.1.32319.34
MinimumVisualStudioVersion = 10.0.40219.1
Project("{FAE04EC0-301F-11D3-BF4B-00C04F79EFBC}") = "VendasMVC.net", "VendasMVC.net\VendasMVC.net.csproj", "{BBCD75E5-2E3C-4007-A8A3-0343EE669EC9}"
EndProject
Global
	GlobalSection(SolutionConfigurationPlatforms) = preSolution
		Debug|Any CPU = Debug|Any CPU
		Release|Any CPU = Release|Any CPU
	EndGlobalSection
	GlobalSection(ProjectConfigurationPlatforms) = postSolution
		{BBCD75E5-2E3C-4007-A8A3-0343EE669EC9}.Debug|Any CPU.ActiveCfg = Debug|Any CPU
		{BBCD75E5-2E3C-4007-A8A3-0343EE669EC9}.Debug|Any CPU.Build.0 = Debug|Any CPU
		{BBCD75E5-2E3C-4007-A8A3-0343EE669EC9}.Release|Any CPU.ActiveCfg = Release|Any CPU
		{BBCD75E5-2E3C-4007-A8A3-0343EE669EC9}.Release|Any CPU.Build.0 = Release|Any CPU
	EndGlobalSection
	GlobalSection(SolutionProperties) = preSolution
		HideSolutionNode = FALSE
	EndGlobalSection
	GlobalSection(ExtensibilityGlobals) = postSolution
		SolutionGuid = {77856707-E6D3-4A0C-8FB1-AF224B275946}
	EndGlobalSection
EndGlobal
